
Microsoft Visual Studio Solution File, Format Version 12.00
# Visual Studio Version 16
VisualStudioVersion = 16.0.31402.337
MinimumVisualStudioVersion = 10.0.40219.1
Project("{FAE04EC0-301F-11D3-BF4B-00C04F79EFBC}") = "ObjectClass", "ObjectClass\ObjectClass.csproj", "{FF46EA36-94AF-4CD0-812D-26471E55163A}"
EndProject
Project("{FAE04EC0-301F-11D3-BF4B-00C04F79EFBC}") = "DemoEntityFrameWork", "DemoEntityFrameWork\DemoEntityFrameWork.csproj", "{24FF284F-0E48-4040-ACE2-0F441D3DC772}"
EndProject
Global
	GlobalSection(SolutionConfigurationPlatforms) = preSolution
		Debug|Any CPU = Debug|Any CPU
		Release|Any CPU = Release|Any CPU
	EndGlobalSection
	GlobalSection(ProjectConfigurationPlatforms) = postSolution
		{FF46EA36-94AF-4CD0-812D-26471E55163A}.Debug|Any CPU.ActiveCfg = Debug|Any CPU
		{FF46EA36-94AF-4CD0-812D-26471E55163A}.Debug|Any CPU.Build.0 = Debug|Any CPU
		{FF46EA36-94AF-4CD0-812D-26471E55163A}.Release|Any CPU.ActiveCfg = Release|Any CPU
		{FF46EA36-94AF-4CD0-812D-26471E55163A}.Release|Any CPU.Build.0 = Release|Any CPU
		{24FF284F-0E48-4040-ACE2-0F441D3DC772}.Debug|Any CPU.ActiveCfg = Debug|Any CPU
		{24FF284F-0E48-4040-ACE2-0F441D3DC772}.Debug|Any CPU.Build.0 = Debug|Any CPU
		{24FF284F-0E48-4040-ACE2-0F441D3DC772}.Release|Any CPU.ActiveCfg = Release|Any CPU
		{24FF284F-0E48-4040-ACE2-0F441D3DC772}.Release|Any CPU.Build.0 = Release|Any CPU
	EndGlobalSection
	GlobalSection(SolutionProperties) = preSolution
		HideSolutionNode = FALSE
	EndGlobalSection
	GlobalSection(ExtensibilityGlobals) = postSolution
		SolutionGuid = {77D1774D-B0DB-4053-B8AE-CE1BF7E3C9DB}
	EndGlobalSection
EndGlobal
