
Microsoft Visual Studio Solution File, Format Version 12.00
# Visual Studio Version 16
VisualStudioVersion = 16.0.31321.278
MinimumVisualStudioVersion = 10.0.40219.1
Project("{FAE04EC0-301F-11D3-BF4B-00C04F79EFBC}") = "Abstract", "Abstract.csproj", "{E7067A13-74DC-48C8-A032-37E4CF89EC90}"
EndProject
Global
	GlobalSection(SolutionConfigurationPlatforms) = preSolution
		Debug|Any CPU = Debug|Any CPU
		Release|Any CPU = Release|Any CPU
	EndGlobalSection
	GlobalSection(ProjectConfigurationPlatforms) = postSolution
		{E7067A13-74DC-48C8-A032-37E4CF89EC90}.Debug|Any CPU.ActiveCfg = Debug|Any CPU
		{E7067A13-74DC-48C8-A032-37E4CF89EC90}.Debug|Any CPU.Build.0 = Debug|Any CPU
		{E7067A13-74DC-48C8-A032-37E4CF89EC90}.Release|Any CPU.ActiveCfg = Release|Any CPU
		{E7067A13-74DC-48C8-A032-37E4CF89EC90}.Release|Any CPU.Build.0 = Release|Any CPU
	EndGlobalSection
	GlobalSection(SolutionProperties) = preSolution
		HideSolutionNode = FALSE
	EndGlobalSection
	GlobalSection(ExtensibilityGlobals) = postSolution
		SolutionGuid = {0BDDED5A-C90F-4DF1-8916-BEB21060CC5B}
	EndGlobalSection
EndGlobal
