
Microsoft Visual Studio Solution File, Format Version 12.00
# Visual Studio Version 16
VisualStudioVersion = 16.0.31321.278
MinimumVisualStudioVersion = 10.0.40219.1
Project("{FAE04EC0-301F-11D3-BF4B-00C04F79EFBC}") = "CSharpIntermediate", "CSharpIntermediate\CSharpIntermediate.csproj", "{CDD9A3B8-CFC3-4199-921E-3CE1E0C9EAF5}"
EndProject
Project("{9A19103F-16F7-4668-BE54-9A1E7A4F7556}") = "PhoneBook", "..\PhoneBook\PhoneBook\PhoneBook.csproj", "{C1929979-3D32-4993-B26B-4D41CEC0521B}"
EndProject
Global
	GlobalSection(SolutionConfigurationPlatforms) = preSolution
		Debug|Any CPU = Debug|Any CPU
		Release|Any CPU = Release|Any CPU
	EndGlobalSection
	GlobalSection(ProjectConfigurationPlatforms) = postSolution
		{CDD9A3B8-CFC3-4199-921E-3CE1E0C9EAF5}.Debug|Any CPU.ActiveCfg = Debug|Any CPU
		{CDD9A3B8-CFC3-4199-921E-3CE1E0C9EAF5}.Debug|Any CPU.Build.0 = Debug|Any CPU
		{CDD9A3B8-CFC3-4199-921E-3CE1E0C9EAF5}.Release|Any CPU.ActiveCfg = Release|Any CPU
		{CDD9A3B8-CFC3-4199-921E-3CE1E0C9EAF5}.Release|Any CPU.Build.0 = Release|Any CPU
		{C1929979-3D32-4993-B26B-4D41CEC0521B}.Debug|Any CPU.ActiveCfg = Debug|Any CPU
		{C1929979-3D32-4993-B26B-4D41CEC0521B}.Debug|Any CPU.Build.0 = Debug|Any CPU
		{C1929979-3D32-4993-B26B-4D41CEC0521B}.Release|Any CPU.ActiveCfg = Release|Any CPU
		{C1929979-3D32-4993-B26B-4D41CEC0521B}.Release|Any CPU.Build.0 = Release|Any CPU
	EndGlobalSection
	GlobalSection(SolutionProperties) = preSolution
		HideSolutionNode = FALSE
	EndGlobalSection
	GlobalSection(ExtensibilityGlobals) = postSolution
		SolutionGuid = {60E62CD4-D399-4EA0-9AE7-9516A949D46E}
	EndGlobalSection
EndGlobal
