
Microsoft Visual Studio Solution File, Format Version 12.00
# Visual Studio Version 16
VisualStudioVersion = 16.0.31313.79
MinimumVisualStudioVersion = 10.0.40219.1
Project("{FAE04EC0-301F-11D3-BF4B-00C04F79EFBC}") = "StringsAndLoops", "StringsAndLoops\StringsAndLoops.csproj", "{B491701D-A9CA-4C3C-BDF9-26EFF7FC70D6}"
EndProject
Global
	GlobalSection(SolutionConfigurationPlatforms) = preSolution
		Debug|Any CPU = Debug|Any CPU
		Release|Any CPU = Release|Any CPU
	EndGlobalSection
	GlobalSection(ProjectConfigurationPlatforms) = postSolution
		{B491701D-A9CA-4C3C-BDF9-26EFF7FC70D6}.Debug|Any CPU.ActiveCfg = Debug|Any CPU
		{B491701D-A9CA-4C3C-BDF9-26EFF7FC70D6}.Debug|Any CPU.Build.0 = Debug|Any CPU
		{B491701D-A9CA-4C3C-BDF9-26EFF7FC70D6}.Release|Any CPU.ActiveCfg = Release|Any CPU
		{B491701D-A9CA-4C3C-BDF9-26EFF7FC70D6}.Release|Any CPU.Build.0 = Release|Any CPU
	EndGlobalSection
	GlobalSection(SolutionProperties) = preSolution
		HideSolutionNode = FALSE
	EndGlobalSection
	GlobalSection(ExtensibilityGlobals) = postSolution
		SolutionGuid = {2FF7B4AF-83D2-4A15-A646-22F4E651F318}
	EndGlobalSection
EndGlobal
