
Microsoft Visual Studio Solution File, Format Version 12.00
# Visual Studio Version 16
VisualStudioVersion = 16.0.31313.79
MinimumVisualStudioVersion = 10.0.40219.1
Project("{FAE04EC0-301F-11D3-BF4B-00C04F79EFBC}") = "Vowels", "Vowels.csproj", "{8DE13027-3CAE-4D54-AFF3-4E4F4D954337}"
EndProject
Global
	GlobalSection(SolutionConfigurationPlatforms) = preSolution
		Debug|Any CPU = Debug|Any CPU
		Release|Any CPU = Release|Any CPU
	EndGlobalSection
	GlobalSection(ProjectConfigurationPlatforms) = postSolution
		{8DE13027-3CAE-4D54-AFF3-4E4F4D954337}.Debug|Any CPU.ActiveCfg = Debug|Any CPU
		{8DE13027-3CAE-4D54-AFF3-4E4F4D954337}.Debug|Any CPU.Build.0 = Debug|Any CPU
		{8DE13027-3CAE-4D54-AFF3-4E4F4D954337}.Release|Any CPU.ActiveCfg = Release|Any CPU
		{8DE13027-3CAE-4D54-AFF3-4E4F4D954337}.Release|Any CPU.Build.0 = Release|Any CPU
	EndGlobalSection
	GlobalSection(SolutionProperties) = preSolution
		HideSolutionNode = FALSE
	EndGlobalSection
	GlobalSection(ExtensibilityGlobals) = postSolution
		SolutionGuid = {12D20AE8-532D-4E07-90F2-B0DCB7753F11}
	EndGlobalSection
EndGlobal
