
Microsoft Visual Studio Solution File, Format Version 12.00
# Visual Studio Version 16
VisualStudioVersion = 16.0.31313.79
MinimumVisualStudioVersion = 10.0.40219.1
Project("{9A19103F-16F7-4668-BE54-9A1E7A4F7556}") = "AreaTriangle", "DanWayMondayAssignment\AreaTriangle.csproj", "{04C4E921-55AC-47AF-8AC9-1E9BC3E9D71B}"
EndProject
Global
	GlobalSection(SolutionConfigurationPlatforms) = preSolution
		Debug|Any CPU = Debug|Any CPU
		Release|Any CPU = Release|Any CPU
	EndGlobalSection
	GlobalSection(ProjectConfigurationPlatforms) = postSolution
		{04C4E921-55AC-47AF-8AC9-1E9BC3E9D71B}.Debug|Any CPU.ActiveCfg = Debug|Any CPU
		{04C4E921-55AC-47AF-8AC9-1E9BC3E9D71B}.Debug|Any CPU.Build.0 = Debug|Any CPU
		{04C4E921-55AC-47AF-8AC9-1E9BC3E9D71B}.Release|Any CPU.ActiveCfg = Release|Any CPU
		{04C4E921-55AC-47AF-8AC9-1E9BC3E9D71B}.Release|Any CPU.Build.0 = Release|Any CPU
	EndGlobalSection
	GlobalSection(SolutionProperties) = preSolution
		HideSolutionNode = FALSE
	EndGlobalSection
	GlobalSection(ExtensibilityGlobals) = postSolution
		SolutionGuid = {82A6AE73-14E9-414D-ACE8-3DC8B6A40D7E}
	EndGlobalSection
EndGlobal
