
Microsoft Visual Studio Solution File, Format Version 12.00
# Visual Studio Version 16
VisualStudioVersion = 16.0.31321.278
MinimumVisualStudioVersion = 10.0.40219.1
Project("{FAE04EC0-301F-11D3-BF4B-00C04F79EFBC}") = "CollectionAndGenerics", "CollectionAndGenerics.csproj", "{F178CCA4-6019-4A7F-B286-CCC82921F32B}"
EndProject
Global
	GlobalSection(SolutionConfigurationPlatforms) = preSolution
		Debug|Any CPU = Debug|Any CPU
		Release|Any CPU = Release|Any CPU
	EndGlobalSection
	GlobalSection(ProjectConfigurationPlatforms) = postSolution
		{F178CCA4-6019-4A7F-B286-CCC82921F32B}.Debug|Any CPU.ActiveCfg = Debug|Any CPU
		{F178CCA4-6019-4A7F-B286-CCC82921F32B}.Debug|Any CPU.Build.0 = Debug|Any CPU
		{F178CCA4-6019-4A7F-B286-CCC82921F32B}.Release|Any CPU.ActiveCfg = Release|Any CPU
		{F178CCA4-6019-4A7F-B286-CCC82921F32B}.Release|Any CPU.Build.0 = Release|Any CPU
	EndGlobalSection
	GlobalSection(SolutionProperties) = preSolution
		HideSolutionNode = FALSE
	EndGlobalSection
	GlobalSection(ExtensibilityGlobals) = postSolution
		SolutionGuid = {444FA1E1-65E3-47E7-B1FC-E36CCA99DDAD}
	EndGlobalSection
EndGlobal
